
Microsoft Visual Studio Solution File, Format Version 12.00
# Visual Studio 15
VisualStudioVersion = 15.0.28010.2048
MinimumVisualStudioVersion = 10.0.40219.1
Project("{FAE04EC0-301F-11D3-BF4B-00C04F79EFBC}") = "17.2.19homework", "17.2.19homework\17.2.19homework.csproj", "{A0505A2E-7D90-48B5-8C00-D2C3438B3FE1}"
EndProject
Global
	GlobalSection(SolutionConfigurationPlatforms) = preSolution
		Debug|Any CPU = Debug|Any CPU
		Release|Any CPU = Release|Any CPU
	EndGlobalSection
	GlobalSection(ProjectConfigurationPlatforms) = postSolution
		{A0505A2E-7D90-48B5-8C00-D2C3438B3FE1}.Debug|Any CPU.ActiveCfg = Debug|Any CPU
		{A0505A2E-7D90-48B5-8C00-D2C3438B3FE1}.Debug|Any CPU.Build.0 = Debug|Any CPU
		{A0505A2E-7D90-48B5-8C00-D2C3438B3FE1}.Release|Any CPU.ActiveCfg = Release|Any CPU
		{A0505A2E-7D90-48B5-8C00-D2C3438B3FE1}.Release|Any CPU.Build.0 = Release|Any CPU
	EndGlobalSection
	GlobalSection(SolutionProperties) = preSolution
		HideSolutionNode = FALSE
	EndGlobalSection
	GlobalSection(ExtensibilityGlobals) = postSolution
		SolutionGuid = {F3A256CF-94EB-4200-96A0-3E01DCB57C81}
	EndGlobalSection
EndGlobal
